{
  "requires": true,
  "lockfileVersion": 1,
  "dependencies": {
    "@webcomponents/webcomponentsjs": {
      "version": "github:webcomponents/webcomponentsjs#97d3d6d960cbc59012d88cc54af430518a934af6"
    },
    "polymer-shadowdom": {
      "version": "0.3.5",
      "resolved": "https://registry.npmjs.org/polymer-shadowdom/-/polymer-shadowdom-0.3.5.tgz",
      "integrity": "sha1-MvIKo3WjodWzuvN3O/+JgtrjMbk="
    }
  }
}
